
Microsoft Visual Studio Solution File, Format Version 12.00
# Visual Studio Version 17
VisualStudioVersion = 17.2.32630.192
MinimumVisualStudioVersion = 10.0.40219.1
Project("{9A19103F-16F7-4668-BE54-9A1E7A4F7556}") = "DadosPublicosCnpj.Data", "DadosPublicosCnpj.Data\DadosPublicosCnpj.Data.csproj", "{8BB5FDFD-9A3C-4A07-BCB5-752B13B77A7F}"
EndProject
Project("{9A19103F-16F7-4668-BE54-9A1E7A4F7556}") = "DadosPublicosCnpj.ConsoleApp", "DadosPublicosCnpj.ConsoleApp\DadosPublicosCnpj.ConsoleApp.csproj", "{BEFFA375-F8C2-4F63-9F7E-F298F9599724}"
EndProject
Project("{FAE04EC0-301F-11D3-BF4B-00C04F79EFBC}") = "DadosPublicos.CNPJ2022.Dominio", "DadosPublicos.CNPJ2022.Dominio\DadosPublicos.CNPJ2022.Dominio.csproj", "{56EAD3AB-92BA-47C0-8359-FF2FC318454A}"
EndProject
Project("{FAE04EC0-301F-11D3-BF4B-00C04F79EFBC}") = "DadosPublicos.CNPJ2022.ImportarCsv", "DadosPublicos.CNPJ2022.ImportarCsv\DadosPublicos.CNPJ2022.ImportarCsv.csproj", "{8A12057F-C465-455A-A9D4-991A6DDE8B25}"
EndProject
Global
	GlobalSection(SolutionConfigurationPlatforms) = preSolution
		Debug|Any CPU = Debug|Any CPU
		Release|Any CPU = Release|Any CPU
	EndGlobalSection
	GlobalSection(ProjectConfigurationPlatforms) = postSolution
		{8BB5FDFD-9A3C-4A07-BCB5-752B13B77A7F}.Debug|Any CPU.ActiveCfg = Debug|Any CPU
		{8BB5FDFD-9A3C-4A07-BCB5-752B13B77A7F}.Debug|Any CPU.Build.0 = Debug|Any CPU
		{8BB5FDFD-9A3C-4A07-BCB5-752B13B77A7F}.Release|Any CPU.ActiveCfg = Release|Any CPU
		{8BB5FDFD-9A3C-4A07-BCB5-752B13B77A7F}.Release|Any CPU.Build.0 = Release|Any CPU
		{BEFFA375-F8C2-4F63-9F7E-F298F9599724}.Debug|Any CPU.ActiveCfg = Debug|Any CPU
		{BEFFA375-F8C2-4F63-9F7E-F298F9599724}.Debug|Any CPU.Build.0 = Debug|Any CPU
		{BEFFA375-F8C2-4F63-9F7E-F298F9599724}.Release|Any CPU.ActiveCfg = Release|Any CPU
		{BEFFA375-F8C2-4F63-9F7E-F298F9599724}.Release|Any CPU.Build.0 = Release|Any CPU
		{56EAD3AB-92BA-47C0-8359-FF2FC318454A}.Debug|Any CPU.ActiveCfg = Debug|Any CPU
		{56EAD3AB-92BA-47C0-8359-FF2FC318454A}.Debug|Any CPU.Build.0 = Debug|Any CPU
		{56EAD3AB-92BA-47C0-8359-FF2FC318454A}.Release|Any CPU.ActiveCfg = Release|Any CPU
		{56EAD3AB-92BA-47C0-8359-FF2FC318454A}.Release|Any CPU.Build.0 = Release|Any CPU
		{8A12057F-C465-455A-A9D4-991A6DDE8B25}.Debug|Any CPU.ActiveCfg = Debug|Any CPU
		{8A12057F-C465-455A-A9D4-991A6DDE8B25}.Debug|Any CPU.Build.0 = Debug|Any CPU
		{8A12057F-C465-455A-A9D4-991A6DDE8B25}.Release|Any CPU.ActiveCfg = Release|Any CPU
		{8A12057F-C465-455A-A9D4-991A6DDE8B25}.Release|Any CPU.Build.0 = Release|Any CPU
	EndGlobalSection
	GlobalSection(SolutionProperties) = preSolution
		HideSolutionNode = FALSE
	EndGlobalSection
	GlobalSection(ExtensibilityGlobals) = postSolution
		SolutionGuid = {C1CE69F0-DB6D-4C25-BB40-4A8F2C1D58AB}
	EndGlobalSection
EndGlobal
